
Microsoft Visual Studio Solution File, Format Version 12.00
# Visual Studio Version 16
VisualStudioVersion = 16.0.30907.101
MinimumVisualStudioVersion = 10.0.40219.1
Project("{9A19103F-16F7-4668-BE54-9A1E7A4F7556}") = "ConsoleUI", "ConsoleUI\ConsoleUI.csproj", "{37B5D524-61D2-42B2-B88E-4517236A388A}"
EndProject
Project("{9A19103F-16F7-4668-BE54-9A1E7A4F7556}") = "Business", "Business\Business.csproj", "{112BD08E-4651-4164-AAFA-0124C70D233E}"
EndProject
Project("{9A19103F-16F7-4668-BE54-9A1E7A4F7556}") = "DataAccess", "DataAccess\DataAccess.csproj", "{A40F6EC5-EF8C-4129-8C0F-C2E316251113}"
EndProject
Project("{9A19103F-16F7-4668-BE54-9A1E7A4F7556}") = "Entities", "Entities\Entities.csproj", "{B862ECDF-3D87-4FC3-9957-32D1B94B850A}"
EndProject
Project("{9A19103F-16F7-4668-BE54-9A1E7A4F7556}") = "Core", "Core\Core.csproj", "{E23CDDED-8661-4E18-93CA-127AD14E12DF}"
EndProject
Project("{FAE04EC0-301F-11D3-BF4B-00C04F79EFBC}") = "WebAPI", "WebAPI\WebAPI.csproj", "{F07AF8C1-0732-4653-A2CF-2104B131027F}"
EndProject
Global
	GlobalSection(SolutionConfigurationPlatforms) = preSolution
		Debug|Any CPU = Debug|Any CPU
		Release|Any CPU = Release|Any CPU
	EndGlobalSection
	GlobalSection(ProjectConfigurationPlatforms) = postSolution
		{37B5D524-61D2-42B2-B88E-4517236A388A}.Debug|Any CPU.ActiveCfg = Debug|Any CPU
		{37B5D524-61D2-42B2-B88E-4517236A388A}.Debug|Any CPU.Build.0 = Debug|Any CPU
		{37B5D524-61D2-42B2-B88E-4517236A388A}.Release|Any CPU.ActiveCfg = Release|Any CPU
		{37B5D524-61D2-42B2-B88E-4517236A388A}.Release|Any CPU.Build.0 = Release|Any CPU
		{112BD08E-4651-4164-AAFA-0124C70D233E}.Debug|Any CPU.ActiveCfg = Debug|Any CPU
		{112BD08E-4651-4164-AAFA-0124C70D233E}.Debug|Any CPU.Build.0 = Debug|Any CPU
		{112BD08E-4651-4164-AAFA-0124C70D233E}.Release|Any CPU.ActiveCfg = Release|Any CPU
		{112BD08E-4651-4164-AAFA-0124C70D233E}.Release|Any CPU.Build.0 = Release|Any CPU
		{A40F6EC5-EF8C-4129-8C0F-C2E316251113}.Debug|Any CPU.ActiveCfg = Debug|Any CPU
		{A40F6EC5-EF8C-4129-8C0F-C2E316251113}.Debug|Any CPU.Build.0 = Debug|Any CPU
		{A40F6EC5-EF8C-4129-8C0F-C2E316251113}.Release|Any CPU.ActiveCfg = Release|Any CPU
		{A40F6EC5-EF8C-4129-8C0F-C2E316251113}.Release|Any CPU.Build.0 = Release|Any CPU
		{B862ECDF-3D87-4FC3-9957-32D1B94B850A}.Debug|Any CPU.ActiveCfg = Debug|Any CPU
		{B862ECDF-3D87-4FC3-9957-32D1B94B850A}.Debug|Any CPU.Build.0 = Debug|Any CPU
		{B862ECDF-3D87-4FC3-9957-32D1B94B850A}.Release|Any CPU.ActiveCfg = Release|Any CPU
		{B862ECDF-3D87-4FC3-9957-32D1B94B850A}.Release|Any CPU.Build.0 = Release|Any CPU
		{E23CDDED-8661-4E18-93CA-127AD14E12DF}.Debug|Any CPU.ActiveCfg = Debug|Any CPU
		{E23CDDED-8661-4E18-93CA-127AD14E12DF}.Debug|Any CPU.Build.0 = Debug|Any CPU
		{E23CDDED-8661-4E18-93CA-127AD14E12DF}.Release|Any CPU.ActiveCfg = Release|Any CPU
		{E23CDDED-8661-4E18-93CA-127AD14E12DF}.Release|Any CPU.Build.0 = Release|Any CPU
		{F07AF8C1-0732-4653-A2CF-2104B131027F}.Debug|Any CPU.ActiveCfg = Debug|Any CPU
		{F07AF8C1-0732-4653-A2CF-2104B131027F}.Debug|Any CPU.Build.0 = Debug|Any CPU
		{F07AF8C1-0732-4653-A2CF-2104B131027F}.Release|Any CPU.ActiveCfg = Release|Any CPU
		{F07AF8C1-0732-4653-A2CF-2104B131027F}.Release|Any CPU.Build.0 = Release|Any CPU
	EndGlobalSection
	GlobalSection(SolutionProperties) = preSolution
		HideSolutionNode = FALSE
	EndGlobalSection
	GlobalSection(ExtensibilityGlobals) = postSolution
		SolutionGuid = {B7A5B950-0E53-4017-91A9-CE3EEB0CC9B9}
	EndGlobalSection
EndGlobal
